
Microsoft Visual Studio Solution File, Format Version 12.00
# Visual Studio 15
Project("{FAE04EC0-301F-11D3-BF4B-00C04F79EFBC}") = "Assembly-CSharp-Editor", "Assembly-CSharp-Editor.csproj", "{C34CAB31-4637-639A-901A-87A3C5982C80}"
EndProject
Project("{FAE04EC0-301F-11D3-BF4B-00C04F79EFBC}") = "Assembly-CSharp", "Assembly-CSharp.csproj", "{57BBB05F-FAD0-4269-4C4D-205725283DC1}"
EndProject
Global
	GlobalSection(SolutionConfigurationPlatforms) = preSolution
		Debug|Any CPU = Debug|Any CPU
		Release|Any CPU = Release|Any CPU
	EndGlobalSection
	GlobalSection(ProjectConfigurationPlatforms) = postSolution
		{C34CAB31-4637-639A-901A-87A3C5982C80}.Debug|Any CPU.ActiveCfg = Debug|Any CPU
		{C34CAB31-4637-639A-901A-87A3C5982C80}.Debug|Any CPU.Build.0 = Debug|Any CPU
		{C34CAB31-4637-639A-901A-87A3C5982C80}.Release|Any CPU.ActiveCfg = Release|Any CPU
		{C34CAB31-4637-639A-901A-87A3C5982C80}.Release|Any CPU.Build.0 = Release|Any CPU
		{57BBB05F-FAD0-4269-4C4D-205725283DC1}.Debug|Any CPU.ActiveCfg = Debug|Any CPU
		{57BBB05F-FAD0-4269-4C4D-205725283DC1}.Debug|Any CPU.Build.0 = Debug|Any CPU
		{57BBB05F-FAD0-4269-4C4D-205725283DC1}.Release|Any CPU.ActiveCfg = Release|Any CPU
		{57BBB05F-FAD0-4269-4C4D-205725283DC1}.Release|Any CPU.Build.0 = Release|Any CPU
	EndGlobalSection
	GlobalSection(SolutionProperties) = preSolution
		HideSolutionNode = FALSE
	EndGlobalSection
EndGlobal
